
Microsoft Visual Studio Solution File, Format Version 12.00
# Visual Studio Version 16
VisualStudioVersion = 16.0.29311.281
MinimumVisualStudioVersion = 10.0.40219.1
Project("{2150E333-8FDC-42A3-9474-1A3956D46DE8}") = "src", "src", "{C681A069-E95E-459E-AE05-B1E110920986}"
EndProject
Project("{2150E333-8FDC-42A3-9474-1A3956D46DE8}") = "test", "test", "{256E9483-4B60-41BD-A4CA-05E6FEE6A796}"
EndProject
Project("{FAE04EC0-301F-11D3-BF4B-00C04F79EFBC}") = "JOS.DockerSwarmSecretsConfigurationProvider", "src\JOS.DockerSwarmSecretsConfigurationProvider\JOS.DockerSwarmSecretsConfigurationProvider.csproj", "{FBEFC27F-E1D1-458F-B59A-00CF42DDECD8}"
EndProject
Project("{FAE04EC0-301F-11D3-BF4B-00C04F79EFBC}") = "JOS.DockerSwarmSecretsConfigurationProvider.Tests", "src\JOS.DockerSwarmSecretsConfigurationProvider.Tests\JOS.DockerSwarmSecretsConfigurationProvider.Tests.csproj", "{77488C31-B83C-4CA3-B442-20AC0DD12423}"
EndProject
Global
	GlobalSection(SolutionConfigurationPlatforms) = preSolution
		Debug|Any CPU = Debug|Any CPU
		Release|Any CPU = Release|Any CPU
	EndGlobalSection
	GlobalSection(ProjectConfigurationPlatforms) = postSolution
		{FBEFC27F-E1D1-458F-B59A-00CF42DDECD8}.Debug|Any CPU.ActiveCfg = Debug|Any CPU
		{FBEFC27F-E1D1-458F-B59A-00CF42DDECD8}.Debug|Any CPU.Build.0 = Debug|Any CPU
		{FBEFC27F-E1D1-458F-B59A-00CF42DDECD8}.Release|Any CPU.ActiveCfg = Release|Any CPU
		{FBEFC27F-E1D1-458F-B59A-00CF42DDECD8}.Release|Any CPU.Build.0 = Release|Any CPU
		{77488C31-B83C-4CA3-B442-20AC0DD12423}.Debug|Any CPU.ActiveCfg = Debug|Any CPU
		{77488C31-B83C-4CA3-B442-20AC0DD12423}.Debug|Any CPU.Build.0 = Debug|Any CPU
		{77488C31-B83C-4CA3-B442-20AC0DD12423}.Release|Any CPU.ActiveCfg = Release|Any CPU
		{77488C31-B83C-4CA3-B442-20AC0DD12423}.Release|Any CPU.Build.0 = Release|Any CPU
	EndGlobalSection
	GlobalSection(SolutionProperties) = preSolution
		HideSolutionNode = FALSE
	EndGlobalSection
	GlobalSection(NestedProjects) = preSolution
		{FBEFC27F-E1D1-458F-B59A-00CF42DDECD8} = {C681A069-E95E-459E-AE05-B1E110920986}
		{77488C31-B83C-4CA3-B442-20AC0DD12423} = {256E9483-4B60-41BD-A4CA-05E6FEE6A796}
	EndGlobalSection
	GlobalSection(ExtensibilityGlobals) = postSolution
		SolutionGuid = {C23049ED-FBE2-4E74-BCD4-F5F20F7EC1BA}
	EndGlobalSection
EndGlobal
